
Microsoft Visual Studio Solution File, Format Version 12.00
# Visual Studio 15
VisualStudioVersion = 15.0.26730.8
MinimumVisualStudioVersion = 10.0.40219.1
Project("{FAE04EC0-301F-11D3-BF4B-00C04F79EFBC}") = "RTEBot", "RTEBot\RTEBot.csproj", "{8F5CF784-AF70-4225-9622-5C19E9F97A6D}"
EndProject
Global
	GlobalSection(SolutionConfigurationPlatforms) = preSolution
		Debug|Any CPU = Debug|Any CPU
		Release|Any CPU = Release|Any CPU
	EndGlobalSection
	GlobalSection(ProjectConfigurationPlatforms) = postSolution
		{8F5CF784-AF70-4225-9622-5C19E9F97A6D}.Debug|Any CPU.ActiveCfg = Debug|Any CPU
		{8F5CF784-AF70-4225-9622-5C19E9F97A6D}.Debug|Any CPU.Build.0 = Debug|Any CPU
		{8F5CF784-AF70-4225-9622-5C19E9F97A6D}.Release|Any CPU.ActiveCfg = Release|Any CPU
		{8F5CF784-AF70-4225-9622-5C19E9F97A6D}.Release|Any CPU.Build.0 = Release|Any CPU
	EndGlobalSection
	GlobalSection(SolutionProperties) = preSolution
		HideSolutionNode = FALSE
	EndGlobalSection
	GlobalSection(ExtensibilityGlobals) = postSolution
		SolutionGuid = {F22B5A53-499D-4AF7-989D-BB6CCE57D1B6}
	EndGlobalSection
EndGlobal
